#MicroXplorer Configuration settings - do not modify
Mcu.Family=STM32F1
SH.GPXTI1.0=GPIO_EXTI1
ProjectManager.MainLocation=Core/Src
RCC.MCOFreq_Value=64000000
SH.S_TIM4_CH2.ConfNb=1
USART2.IPParameters=VirtualMode
ProjectManager.KeepUserCode=true
Mcu.UserName=STM32F103RBTx
SPI2.VirtualType=VM_MASTER
ADC1.ContinuousConvMode=ENABLE
PC12.Locked=true
PB4.GPIO_ModeDefaultEXTI=GPIO_MODE_IT_RISING_FALLING
USART1.BaudRate=9600
PC10.Locked=true
RCC.PLLCLKFreq_Value=64000000
PC10.Signal=GPIO_Output
PC12.Signal=GPXTI12
PC5.Locked=true
PC7.Locked=true
PA12.GPIOParameters=GPIO_Label
ProjectManager.functionlistsort=1-MX_GPIO_Init-GPIO-false-HAL-true,2-MX_DMA_Init-DMA-false-HAL-true,3-SystemClock_Config-RCC-false-HAL-false,4-MX_ADC1_Init-ADC1-false-HAL-true,5-MX_I2C1_Init-I2C1-false-HAL-true,6-MX_SPI2_Init-SPI2-false-HAL-true,7-MX_TIM3_Init-TIM3-false-HAL-true,8-MX_TIM4_Init-TIM4-false-HAL-true,9-MX_USART2_UART_Init-USART2-false-HAL-true,10-MX_USART1_UART_Init-USART1-false-HAL-true,11-MX_TIM2_Init-TIM2-false-HAL-true
PA11.GPIOParameters=GPIO_Label
PC3.Locked=true
RCC.ADCFreqValue=8000000
PA6.GPIO_Label=LED0
USART1.IPParameters=VirtualMode,BaudRate
PB13.Signal=SPI2_SCK
PB15.Signal=SPI2_MOSI
PinOutPanel.RotationAngle=0
RCC.SYSCLKSource=RCC_SYSCLKSOURCE_PLLCLK
ProjectManager.StackSize=0x400
PB5.GPIOParameters=GPIO_Label,GPIO_ModeDefaultEXTI
SH.GPXTI2.0=GPIO_EXTI2
Mcu.IP4=RCC
PB2.GPIO_ModeDefaultEXTI=GPIO_MODE_IT_RISING_FALLING
RCC.FCLKCortexFreq_Value=64000000
Mcu.IP5=SPI2
Mcu.IP2=I2C1
I2C1.IPParameters=I2C_Mode
NVIC.SVCall_IRQn=true\:0\:0\:false\:false\:true\:false\:false
Mcu.IP3=NVIC
PA15.GPIO_Label=EN_B_SIG
PB4.GPIOParameters=GPIO_Label,GPIO_ModeDefaultEXTI
Mcu.IP0=ADC1
PA12.Locked=true
Mcu.IP1=DMA
NVIC.EXTI1_IRQn=true\:0\:0\:false\:false\:true\:true\:true
PA12.Signal=GPIO_Output
Mcu.UserConstants=
SH.S_TIM3_CH2.ConfNb=1
Mcu.ThirdPartyNb=0
ADC1.Channel-3\#ChannelRegularConversion=ADC_CHANNEL_4
RCC.HCLKFreq_Value=64000000
Mcu.IPNb=12
TIM2.IPParameters=Prescaler,Period,AutoReloadPreload
ProjectManager.PreviousToolchain=STM32CubeIDE
RCC.APB2TimFreq_Value=64000000
TIM3.Period=255
PB1.GPIO_ModeDefaultEXTI=GPIO_MODE_IT_RISING_FALLING
Dma.ADC1.0.Direction=DMA_PERIPH_TO_MEMORY
ADC1.Channel-2\#ChannelRegularConversion=ADC_CHANNEL_1
PC7.Signal=S_TIM3_CH2
PC3.Signal=GPIO_Output
PA8.GPIOParameters=GPIO_Label,GPIO_ModeDefaultEXTI
Mcu.Pin6=PA4
Mcu.Pin7=PA5
VP_TIM2_VS_ClockSourceINT.Signal=TIM2_VS_ClockSourceINT
Mcu.Pin8=PA6
Mcu.Pin9=PA7
Dma.ADC1.0.MemDataAlignment=DMA_MDATAALIGN_HALFWORD
RCC.AHBFreq_Value=64000000
SPI2.BaudRatePrescaler=SPI_BAUDRATEPRESCALER_32
Mcu.Pin0=PC2
Mcu.Pin1=PC3
TIM3.Channel-PWM\ Generation1\ CH1=TIM_CHANNEL_1
GPIO.groupedBy=Group By Peripherals
Mcu.Pin2=PA0-WKUP
Mcu.Pin3=PA1
Mcu.Pin4=PA2
PA0-WKUP.GPIOParameters=GPIO_Label
NVIC.EXTI15_10_IRQn=true\:0\:0\:false\:false\:true\:true\:true
Mcu.Pin5=PA3
ProjectManager.ProjectBuild=false
NVIC.UsageFault_IRQn=true\:0\:0\:false\:false\:true\:false\:false
NVIC.DebugMonitor_IRQn=true\:0\:0\:false\:false\:true\:false\:false
PB2.Signal=GPXTI2
PA8.Locked=true
PA4.Locked=true
Mcu.IP10=USART1
NVIC.SysTick_IRQn=true\:0\:0\:false\:false\:true\:false\:true
SH.GPXTI12.0=GPIO_EXTI12
RCC.PLLMUL=RCC_PLL_MUL16
Mcu.IP11=USART2
PB12.GPIO_Label=SPI2_CS
ProjectManager.FirmwarePackage=STM32Cube FW_F1 V1.8.0
MxDb.Version=DB.5.0.60
ADC1.Rank-2\#ChannelRegularConversion=2
PA1.GPIOParameters=GPIO_Label
ProjectManager.BackupPrevious=false
PC4.GPIO_Label=CLCD_D2
PA14.Mode=Serial_Wire
SH.ADCx_IN1.ConfNb=1
TIM3.Prescaler=249
PB1.GPIO_Label=SW0
Dma.ADC1.0.PeriphInc=DMA_PINC_DISABLE
PC11.GPIO_Label=CLCD_RS
NVIC.TIM2_IRQn=true\:0\:0\:false\:false\:true\:true\:true
File.Version=6
SPI2.CalculateBaudRate=1000.0 KBits/s
SH.S_TIM4_CH2.0=TIM4_CH2,PWM Generation2 CH2
PB7.Signal=S_TIM4_CH2
PA8.Signal=GPXTI8
PB8.Locked=true
SH.ADCx_IN0.0=ADC1_IN0,IN0
SH.ADCx_IN4.ConfNb=1
NVIC.PendSV_IRQn=true\:0\:0\:false\:false\:true\:false\:false
SH.S_TIM3_CH1.0=TIM3_CH1,PWM Generation1 CH1
TIM4.Period=19999
Dma.RequestsNb=1
ProjectManager.HalAssertFull=false
ProjectManager.ProjectName=Demo2
RCC.PLLMCOFreq_Value=32000000
PB7.GPIO_Label=PWM_SERVO
Mcu.Package=LQFP64
PB9.Signal=I2C1_SDA
TIM2.Prescaler=63
PB1.Signal=GPXTI1
PA6.Signal=GPIO_Output
PA7.Locked=true
PA5.Locked=true
SPI2.Mode=SPI_MODE_MASTER
PA8.GPIO_ModeDefaultEXTI=GPIO_MODE_IT_FALLING
SH.GPXTI8.0=GPIO_EXTI8
USART2.VirtualMode=VM_ASYNC
ProjectManager.ToolChainLocation=
VP_SYS_VS_Systick.Signal=SYS_VS_Systick
SH.GPXTI8.ConfNb=1
SH.GPXTI5.ConfNb=1
PA10.Signal=USART1_RX
PA15.Signal=GPXTI15
PA5.GPIOParameters=GPIO_Label
SPI2.CLKPhase=SPI_PHASE_2EDGE
SH.ADCx_IN1.0=ADC1_IN1,IN1
PB5.GPIO_Label=SW3
NVIC.EXTI2_IRQn=true\:0\:0\:false\:false\:true\:true\:true
RCC.APB1TimFreq_Value=64000000
NVIC.BusFault_IRQn=true\:0\:0\:false\:false\:true\:false\:false
PC4.Locked=true
SPI2.Direction=SPI_DIRECTION_2LINES
PC5.Signal=GPIO_Output
PB13.Mode=TX_Only_Simplex_Unidirect_Master
NVIC.USART1_IRQn=true\:0\:0\:false\:false\:true\:true\:false
Dma.Request0=ADC1
PA4.GPIO_Label=ADC_TCA
PC2.GPIO_Label=CLCD_D0
TIM4.Pulse-PWM\ Generation2\ CH2=1500
ProjectManager.CustomerFirmwarePackage=
PC4.GPIOParameters=GPIO_Label
VP_TIM3_VS_ClockSourceINT.Mode=Internal
PB4.Signal=GPXTI4
PA3.Signal=USART2_RX
PB5.GPIO_ModeDefaultEXTI=GPIO_MODE_IT_RISING_FALLING
PA6.GPIOParameters=GPIO_Label
NVIC.EXTI4_IRQn=true\:0\:0\:false\:false\:true\:true\:true
SH.GPXTI5.0=GPIO_EXTI5
ProjectManager.ProjectFileName=Demo2.ioc
Dma.ADC1.0.Instance=DMA1_Channel1
PA10.Mode=Asynchronous
PA15.GPIOParameters=GPIO_Label
PC10.GPIO_Label=CLCD_EN
Mcu.PinsNb=40
TIM3.AutoReloadPreload=TIM_AUTORELOAD_PRELOAD_DISABLE
ProjectManager.NoMain=false
PC11.Locked=true
ADC1.IPParameters=Rank-1\#ChannelRegularConversion,Channel-1\#ChannelRegularConversion,SamplingTime-1\#ChannelRegularConversion,NbrOfConversionFlag,ContinuousConvMode,master,Rank-2\#ChannelRegularConversion,Channel-2\#ChannelRegularConversion,SamplingTime-2\#ChannelRegularConversion,Rank-3\#ChannelRegularConversion,Channel-3\#ChannelRegularConversion,SamplingTime-3\#ChannelRegularConversion,NbrOfConversion
PC11.Signal=GPIO_Output
PC8.Signal=S_TIM3_CH3
PC2.Signal=GPIO_Output
PC4.Signal=GPIO_Output
PC6.Signal=S_TIM3_CH1
PA11.GPIO_Label=LED2
ProjectManager.DefaultFWLocation=true
PB12.Locked=true
ProjectManager.DeletePrevious=true
RCC.APB1CLKDivider=RCC_HCLK_DIV2
PC11.GPIOParameters=GPIO_Label
SH.S_TIM3_CH3.0=TIM3_CH3,PWM Generation3 CH3
PA12.GPIO_Label=LED3
ADC1.SamplingTime-2\#ChannelRegularConversion=ADC_SAMPLETIME_239CYCLES_5
RCC.FamilyName=M
PA0-WKUP.GPIO_Label=ADC_VAR
PA0-WKUP.Signal=ADCx_IN0
PA0-WKUP.Locked=true
RCC.ADCPresc=RCC_ADCPCLK2_DIV8
PC3.GPIOParameters=GPIO_Label
PC12.GPIOParameters=GPIO_Label
PA3.Mode=Asynchronous
PA13.Signal=SYS_JTMS-SWDIO
TIM3.Channel-PWM\ Generation3\ CH3=TIM_CHANNEL_3
Dma.ADC1.0.PeriphDataAlignment=DMA_PDATAALIGN_HALFWORD
PA11.Locked=true
PA9.Mode=Asynchronous
PA15.Locked=true
PA8.GPIO_Label=EN_SW
SH.GPXTI2.ConfNb=1
VP_TIM4_VS_ClockSourceINT.Signal=TIM4_VS_ClockSourceINT
ProjectManager.TargetToolchain=STM32CubeIDE
TIM4.IPParameters=Channel-PWM Generation2 CH2,Prescaler,Period,Pulse-PWM Generation2 CH2,OCPolarity_2
SH.S_TIM3_CH3.ConfNb=1
Dma.ADC1.0.Mode=DMA_CIRCULAR
I2C1.I2C_Mode=I2C_Fast
PB7.GPIOParameters=GPIO_Label
PC5.GPIOParameters=GPIO_Label
PC6.Locked=true
PB9.Mode=I2C
Dma.ADC1.0.Priority=DMA_PRIORITY_LOW
PB2.GPIOParameters=GPIO_Label,GPIO_ModeDefaultEXTI
PA9.Signal=USART1_TX
ADC1.Channel-1\#ChannelRegularConversion=ADC_CHANNEL_0
SH.GPXTI12.ConfNb=1
PB5.Locked=true
PB9.Locked=true
SPI2.IPParameters=VirtualType,Mode,Direction,CalculateBaudRate,BaudRatePrescaler,CLKPhase
PC2.Locked=true
ProjectManager.RegisterCallBack=
RCC.USBFreq_Value=64000000
VP_TIM3_VS_ClockSourceINT.Signal=TIM3_VS_ClockSourceINT
TIM4.Prescaler=63
PA1.Signal=ADCx_IN1
PB1.Locked=true
PA5.Signal=GPIO_Output
SH.S_TIM3_CH2.0=TIM3_CH2,PWM Generation2 CH2
board=custom
ProjectManager.LastFirmware=true
PB15.Mode=TX_Only_Simplex_Unidirect_Master
Dma.ADC1.0.RequestParameters=Instance,Direction,PeriphInc,MemInc,PeriphDataAlignment,MemDataAlignment,Mode,Priority
TIM4.Channel-PWM\ Generation2\ CH2=TIM_CHANNEL_2
RCC.APB2Freq_Value=64000000
MxCube.Version=5.6.1
PB4.GPIO_Label=SW2
Mcu.Pin37=VP_TIM2_VS_ClockSourceINT
Mcu.Pin38=VP_TIM3_VS_ClockSourceINT
Mcu.Pin35=PB9
VP_TIM2_VS_ClockSourceINT.Mode=Internal
Mcu.Pin36=VP_SYS_VS_Systick
SH.ADCx_IN0.ConfNb=1
Mcu.Pin39=VP_TIM4_VS_ClockSourceINT
PC2.GPIOParameters=GPIO_Label
Mcu.Pin30=PC12
PA1.GPIO_Label=ADC_CDS
VP_SYS_VS_Systick.Mode=SysTick
Mcu.Pin33=PB7
TIM3.IPParameters=Channel-PWM Generation2 CH2,Channel-PWM Generation3 CH3,Channel-PWM Generation1 CH1,Prescaler,Period,AutoReloadPreload
Mcu.Pin34=PB8
Mcu.Pin31=PB4
SH.ADCx_IN4.0=ADC1_IN4,IN4
Mcu.Pin32=PB5
PA9.Locked=true
NVIC.NonMaskableInt_IRQn=true\:0\:0\:false\:false\:true\:false\:false
PA4.GPIOParameters=GPIO_Label
PC10.GPIOParameters=GPIO_Label
TIM2.Period=49999
ADC1.NbrOfConversion=3
PA13.Mode=Serial_Wire
ProjectManager.FreePins=false
RCC.IPParameters=ADCFreqValue,ADCPresc,AHBFreq_Value,APB1CLKDivider,APB1Freq_Value,APB1TimFreq_Value,APB2Freq_Value,APB2TimFreq_Value,FCLKCortexFreq_Value,FamilyName,HCLKFreq_Value,MCOFreq_Value,PLLCLKFreq_Value,PLLMCOFreq_Value,PLLMUL,SYSCLKFreq_VALUE,SYSCLKSource,TimSysFreq_Value,USBFreq_Value
ProjectManager.AskForMigrate=true
Mcu.Name=STM32F103R(8-B)Tx
Mcu.Pin26=PA14
Mcu.Pin27=PA15
PA2.Signal=USART2_TX
Mcu.Pin24=PA12
ProjectManager.UnderRoot=true
Mcu.Pin25=PA13
TIM4.OCPolarity_2=TIM_OCPOLARITY_LOW
PB2.Locked=true
Mcu.IP8=TIM3
Mcu.IP9=TIM4
Mcu.Pin28=PC10
Mcu.IP6=SYS
Mcu.Pin29=PC11
Mcu.IP7=TIM2
ProjectManager.CoupleFile=false
PB4.Locked=true
PA4.Signal=ADCx_IN4
ADC1.SamplingTime-1\#ChannelRegularConversion=ADC_SAMPLETIME_239CYCLES_5
RCC.SYSCLKFreq_VALUE=64000000
Mcu.Pin22=PA10
PB5.Signal=GPXTI5
Mcu.Pin23=PA11
RCC.TimSysFreq_Value=64000000
PA1.Locked=true
PA7.GPIO_Label=LED1
Mcu.Pin20=PA8
ADC1.master=1
Mcu.Pin21=PA9
SH.GPXTI4.0=GPIO_EXTI4
PA5.GPIO_Label=LD2
PA10.Locked=true
ADC1.Rank-3\#ChannelRegularConversion=3
ADC1.SamplingTime-3\#ChannelRegularConversion=ADC_SAMPLETIME_239CYCLES_5
NVIC.ForceEnableDMAVector=true
KeepUserPlacement=false
PC5.GPIO_Label=CLCD_D3
NVIC.MemoryManagement_IRQn=true\:0\:0\:false\:false\:true\:false\:false
PC12.GPIO_Label=EN_A_SIG
USART1.VirtualMode=VM_ASYNC
ProjectManager.CompilerOptimize=6
ADC1.Rank-1\#ChannelRegularConversion=1
PA11.Signal=GPIO_Output
NVIC.EXTI9_5_IRQn=true\:0\:0\:false\:false\:true\:true\:true
PA14.Signal=SYS_JTCK-SWCLK
Dma.ADC1.0.MemInc=DMA_MINC_ENABLE
PB2.GPIO_Label=SW1
ProjectManager.HeapSize=0x200
Mcu.Pin15=PB13
NVIC.HardFault_IRQn=true\:0\:0\:false\:false\:true\:false\:false
Mcu.Pin16=PB15
Mcu.Pin13=PB2
SH.GPXTI4.ConfNb=1
Mcu.Pin14=PB12
Mcu.Pin19=PC8
SH.S_TIM3_CH1.ConfNb=1
SH.GPXTI15.ConfNb=1
ProjectManager.ComputerToolchain=false
Mcu.Pin17=PC6
Mcu.Pin18=PC7
VP_TIM4_VS_ClockSourceINT.Mode=Internal
NVIC.PriorityGroup=NVIC_PRIORITYGROUP_4
ADC1.NbrOfConversionFlag=1
Mcu.Pin11=PC5
SH.GPXTI15.0=GPIO_EXTI15
TIM3.Channel-PWM\ Generation2\ CH2=TIM_CHANNEL_2
Mcu.Pin12=PB1
PB8.Mode=I2C
Mcu.Pin10=PC4
PB7.Locked=true
PA2.Mode=Asynchronous
PB8.Signal=I2C1_SCL
TIM2.AutoReloadPreload=TIM_AUTORELOAD_PRELOAD_ENABLE
PC3.GPIO_Label=CLCD_D1
PC8.Locked=true
NVIC.DMA1_Channel1_IRQn=true\:0\:0\:false\:false\:true\:false\:true
SH.GPXTI1.ConfNb=1
RCC.APB1Freq_Value=32000000
PA7.GPIOParameters=GPIO_Label
ProjectManager.DeviceId=STM32F103RBTx
PB12.GPIOParameters=GPIO_Label
PB12.Signal=GPIO_Output
ProjectManager.LibraryCopy=1
PB1.GPIOParameters=GPIO_Label,GPIO_ModeDefaultEXTI
PA7.Signal=GPIO_Output
PA6.Locked=true
